// !$*UTF8*$!
{
	archiveVersion = 1;
	classes = {
	};
	objectVersion = 48;
	objects = {

/* Begin PBXBuildFile section */
		56355A661FBA6A5A00D6E886 /* AppDelegate.swift in Sources */ = {isa = PBXBuildFile; fileRef = 56355A651FBA6A5A00D6E886 /* AppDelegate.swift */; };
		56355A6D1FBA6A5A00D6E886 /* Assets.xcassets in Resources */ = {isa = PBXBuildFile; fileRef = 56355A6C1FBA6A5A00D6E886 /* Assets.xcassets */; };
		56355A701FBA6A5A00D6E886 /* LaunchScreen.storyboard in Resources */ = {isa = PBXBuildFile; fileRef = 56355A6E1FBA6A5A00D6E886 /* LaunchScreen.storyboard */; };
		56AD6CA71FBA6A8A0083442E /* SecondViewController.swift in Sources */ = {isa = PBXBuildFile; fileRef = 56AD6CA61FBA6A8A0083442E /* SecondViewController.swift */; };
		56AD6CA91FBA6A8E0083442E /* FirstViewController.swift in Sources */ = {isa = PBXBuildFile; fileRef = 56AD6CA81FBA6A8E0083442E /* FirstViewController.swift */; };
		56AD6CAB1FBA6A960083442E /* TableViewDataSource2.swift in Sources */ = {isa = PBXBuildFile; fileRef = 56AD6CAA1FBA6A960083442E /* TableViewDataSource2.swift */; };
		56AD6CAD1FBA6A990083442E /* TableViewDataSource1.swift in Sources */ = {isa = PBXBuildFile; fileRef = 56AD6CAC1FBA6A990083442E /* TableViewDataSource1.swift */; };
		56AD6CAF1FBA6A9F0083442E /* TableViewDelegate.swift in Sources */ = {isa = PBXBuildFile; fileRef = 56AD6CAE1FBA6A9E0083442E /* TableViewDelegate.swift */; };
		56AD6CB11FBA6AC20083442E /* ViewController.swift in Sources */ = {isa = PBXBuildFile; fileRef = 56AD6CB01FBA6AC20083442E /* ViewController.swift */; };
		56AD6CB21FBA6B980083442E /* Main.storyboard in Resources */ = {isa = PBXBuildFile; fileRef = 56AD6CA41FBA6A860083442E /* Main.storyboard */; };
/* End PBXBuildFile section */

/* Begin PBXFileReference section */
		56355A621FBA6A5A00D6E886 /* SplitDelegateDataSource.app */ = {isa = PBXFileReference; explicitFileType = wrapper.application; includeInIndex = 0; path = SplitDelegateDataSource.app; sourceTree = BUILT_PRODUCTS_DIR; };
		56355A651FBA6A5A00D6E886 /* AppDelegate.swift */ = {isa = PBXFileReference; lastKnownFileType = sourcecode.swift; path = AppDelegate.swift; sourceTree = "<group>"; };
		56355A6C1FBA6A5A00D6E886 /* Assets.xcassets */ = {isa = PBXFileReference; lastKnownFileType = folder.assetcatalog; path = Assets.xcassets; sourceTree = "<group>"; };
		56355A6F1FBA6A5A00D6E886 /* Base */ = {isa = PBXFileReference; lastKnownFileType = file.storyboard; name = Base; path = Base.lproj/LaunchScreen.storyboard; sourceTree = "<group>"; };
		56355A711FBA6A5A00D6E886 /* Info.plist */ = {isa = PBXFileReference; lastKnownFileType = text.plist.xml; path = Info.plist; sourceTree = "<group>"; };
		56AD6CA51FBA6A860083442E /* Base */ = {isa = PBXFileReference; lastKnownFileType = file.storyboard; name = Base; path = ../../../NavigationController/SplitDelegateDataSource/Base.lproj/Main.storyboard; sourceTree = "<group>"; };
		56AD6CA61FBA6A8A0083442E /* SecondViewController.swift */ = {isa = PBXFileReference; lastKnownFileType = sourcecode.swift; name = SecondViewController.swift; path = ../../../NavigationController/SplitDelegateDataSource/SecondViewController.swift; sourceTree = "<group>"; };
		56AD6CA81FBA6A8E0083442E /* FirstViewController.swift */ = {isa = PBXFileReference; lastKnownFileType = sourcecode.swift; name = FirstViewController.swift; path = ../../../NavigationController/SplitDelegateDataSource/FirstViewController.swift; sourceTree = "<group>"; };
		56AD6CAA1FBA6A960083442E /* TableViewDataSource2.swift */ = {isa = PBXFileReference; lastKnownFileType = sourcecode.swift; name = TableViewDataSource2.swift; path = ../../../NavigationController/SplitDelegateDataSource/TableViewDataSource2.swift; sourceTree = "<group>"; };
		56AD6CAC1FBA6A990083442E /* TableViewDataSource1.swift */ = {isa = PBXFileReference; lastKnownFileType = sourcecode.swift; name = TableViewDataSource1.swift; path = ../../../NavigationController/SplitDelegateDataSource/TableViewDataSource1.swift; sourceTree = "<group>"; };
		56AD6CAE1FBA6A9E0083442E /* TableViewDelegate.swift */ = {isa = PBXFileReference; lastKnownFileType = sourcecode.swift; name = TableViewDelegate.swift; path = ../../../NavigationController/SplitDelegateDataSource/TableViewDelegate.swift; sourceTree = "<group>"; };
		56AD6CB01FBA6AC20083442E /* ViewController.swift */ = {isa = PBXFileReference; lastKnownFileType = sourcecode.swift; name = ViewController.swift; path = ../../../NavigationController/SplitDelegateDataSource/ViewController.swift; sourceTree = "<group>"; };
/* End PBXFileReference section */

/* Begin PBXFrameworksBuildPhase section */
		56355A5F1FBA6A5A00D6E886 /* Frameworks */ = {
			isa = PBXFrameworksBuildPhase;
			buildActionMask = 2147483647;
			files = (
			);
			runOnlyForDeploymentPostprocessing = 0;
		};
/* End PBXFrameworksBuildPhase section */

/* Begin PBXGroup section */
		56355A591FBA6A5A00D6E886 = {
			isa = PBXGroup;
			children = (
				56355A641FBA6A5A00D6E886 /* SplitDelegateDataSource */,
				56355A631FBA6A5A00D6E886 /* Products */,
			);
			sourceTree = "<group>";
		};
		56355A631FBA6A5A00D6E886 /* Products */ = {
			isa = PBXGroup;
			children = (
				56355A621FBA6A5A00D6E886 /* SplitDelegateDataSource.app */,
			);
			name = Products;
			sourceTree = "<group>";
		};
		56355A641FBA6A5A00D6E886 /* SplitDelegateDataSource */ = {
			isa = PBXGroup;
			children = (
				56355A651FBA6A5A00D6E886 /* AppDelegate.swift */,
				56AD6CA41FBA6A860083442E /* Main.storyboard */,
				56AD6CB01FBA6AC20083442E /* ViewController.swift */,
				56AD6CA61FBA6A8A0083442E /* SecondViewController.swift */,
				56AD6CA81FBA6A8E0083442E /* FirstViewController.swift */,
				56AD6CAA1FBA6A960083442E /* TableViewDataSource2.swift */,
				56AD6CAC1FBA6A990083442E /* TableViewDataSource1.swift */,
				56AD6CAE1FBA6A9E0083442E /* TableViewDelegate.swift */,
				56355A6E1FBA6A5A00D6E886 /* LaunchScreen.storyboard */,
				56355A6C1FBA6A5A00D6E886 /* Assets.xcassets */,
				56355A711FBA6A5A00D6E886 /* Info.plist */,
			);
			path = SplitDelegateDataSource;
			sourceTree = "<group>";
		};
/* End PBXGroup section */

/* Begin PBXNativeTarget section */
		56355A611FBA6A5A00D6E886 /* SplitDelegateDataSource */ = {
			isa = PBXNativeTarget;
			buildConfigurationList = 56355A741FBA6A5A00D6E886 /* Build configuration list for PBXNativeTarget "SplitDelegateDataSource" */;
			buildPhases = (
				56355A5E1FBA6A5A00D6E886 /* Sources */,
				56355A5F1FBA6A5A00D6E886 /* Frameworks */,
				56355A601FBA6A5A00D6E886 /* Resources */,
			);
			buildRules = (
			);
			dependencies = (
			);
			name = SplitDelegateDataSource;
			productName = SplitDelegateDataSource;
			productReference = 56355A621FBA6A5A00D6E886 /* SplitDelegateDataSource.app */;
			productType = "com.apple.product-type.application";
		};
/* End PBXNativeTarget section */

/* Begin PBXProject section */
		56355A5A1FBA6A5A00D6E886 /* Project object */ = {
			isa = PBXProject;
			attributes = {
				LastSwiftUpdateCheck = 0900;
				LastUpgradeCheck = 0900;
				ORGANIZATIONNAME = HoangLuyen;
				TargetAttributes = {
					56355A611FBA6A5A00D6E886 = {
						CreatedOnToolsVersion = 9.0;
						ProvisioningStyle = Automatic;
					};
				};
			};
			buildConfigurationList = 56355A5D1FBA6A5A00D6E886 /* Build configuration list for PBXProject "SplitDelegateDataSource" */;
			compatibilityVersion = "Xcode 8.0";
			developmentRegion = en;
			hasScannedForEncodings = 0;
			knownRegions = (
				en,
				Base,
			);
			mainGroup = 56355A591FBA6A5A00D6E886;
			productRefGroup = 56355A631FBA6A5A00D6E886 /* Products */;
			projectDirPath = "";
			projectRoot = "";
			targets = (
				56355A611FBA6A5A00D6E886 /* SplitDelegateDataSource */,
			);
		};
/* End PBXProject section */

/* Begin PBXResourcesBuildPhase section */
		56355A601FBA6A5A00D6E886 /* Resources */ = {
			isa = PBXResourcesBuildPhase;
			buildActionMask = 2147483647;
			files = (
				56AD6CB21FBA6B980083442E /* Main.storyboard in Resources */,
				56355A701FBA6A5A00D6E886 /* LaunchScreen.storyboard in Resources */,
				56355A6D1FBA6A5A00D6E886 /* Assets.xcassets in Resources */,
			);
			runOnlyForDeploymentPostprocessing = 0;
		};
/* End PBXResourcesBuildPhase section */

/* Begin PBXSourcesBuildPhase section */
		56355A5E1FBA6A5A00D6E886 /* Sources */ = {
			isa = PBXSourcesBuildPhase;
			buildActionMask = 2147483647;
			files = (
				56AD6CA91FBA6A8E0083442E /* FirstViewController.swift in Sources */,
				56AD6CAB1FBA6A960083442E /* TableViewDataSource2.swift in Sources */,
				56AD6CA71FBA6A8A0083442E /* SecondViewController.swift in Sources */,
				56AD6CAD1FBA6A990083442E /* TableViewDataSource1.swift in Sources */,
				56AD6CB11FBA6AC20083442E /* ViewController.swift in Sources */,
				56AD6CAF1FBA6A9F0083442E /* TableViewDelegate.swift in Sources */,
				56355A661FBA6A5A00D6E886 /* AppDelegate.swift in Sources */,
			);
			runOnlyForDeploymentPostprocessing = 0;
		};
/* End PBXSourcesBuildPhase section */

/* Begin PBXVariantGroup section */
		56355A6E1FBA6A5A00D6E886 /* LaunchScreen.storyboard */ = {
			isa = PBXVariantGroup;
			children = (
				56355A6F1FBA6A5A00D6E886 /* Base */,
			);
			name = LaunchScreen.storyboard;
			sourceTree = "<group>";
		};
		56AD6CA41FBA6A860083442E /* Main.storyboard */ = {
			isa = PBXVariantGroup;
			children = (
				56AD6CA51FBA6A860083442E /* Base */,
			);
			name = Main.storyboard;
			sourceTree = "<group>";
		};
/* End PBXVariantGroup section */

/* Begin XCBuildConfiguration section */
		56355A721FBA6A5A00D6E886 /* Debug */ = {
			isa = XCBuildConfiguration;
			buildSettings = {
				ALWAYS_SEARCH_USER_PATHS = NO;
				CLANG_ANALYZER_NONNULL = YES;
				CLANG_ANALYZER_NUMBER_OBJECT_CONVERSION = YES_AGGRESSIVE;
				CLANG_CXX_LANGUAGE_STANDARD = "gnu++14";
				CLANG_CXX_LIBRARY = "libc++";
				CLANG_ENABLE_MODULES = YES;
				CLANG_ENABLE_OBJC_ARC = YES;
				CLANG_WARN_BLOCK_CAPTURE_AUTORELEASING = YES;
				CLANG_WARN_BOOL_CONVERSION = YES;
				CLANG_WARN_COMMA = YES;
				CLANG_WARN_CONSTANT_CONVERSION = YES;
				CLANG_WARN_DIRECT_OBJC_ISA_USAGE = YES_ERROR;
				CLANG_WARN_DOCUMENTATION_COMMENTS = YES;
				CLANG_WARN_EMPTY_BODY = YES;
				CLANG_WARN_ENUM_CONVERSION = YES;
				CLANG_WARN_INFINITE_RECURSION = YES;
				CLANG_WARN_INT_CONVERSION = YES;
				CLANG_WARN_NON_LITERAL_NULL_CONVERSION = YES;
				CLANG_WARN_OBJC_LITERAL_CONVERSION = YES;
				CLANG_WARN_OBJC_ROOT_CLASS = YES_ERROR;
				CLANG_WARN_RANGE_LOOP_ANALYSIS = YES;
				CLANG_WARN_STRICT_PROTOTYPES = YES;
				CLANG_WARN_SUSPICIOUS_MOVE = YES;
				CLANG_WARN_UNGUARDED_AVAILABILITY = YES_AGGRESSIVE;
				CLANG_WARN_UNREACHABLE_CODE = YES;
				CLANG_WARN__DUPLICATE_METHOD_MATCH = YES;
				CODE_SIGN_IDENTITY = "iPhone Developer";
				COPY_PHASE_STRIP = NO;
				DEBUG_INFORMATION_FORMAT = dwarf;
				ENABLE_STRICT_OBJC_MSGSEND = YES;
				ENABLE_TESTABILITY = YES;
				GCC_C_LANGUAGE_STANDARD = gnu11;
				GCC_DYNAMIC_NO_PIC = NO;
				GCC_NO_COMMON_BLOCKS = YES;
				GCC_OPTIMIZATION_LEVEL = 0;
				GCC_PREPROCESSOR_DEFINITIONS = (
					"DEBUG=1",
					"$(inherited)",
				);
				GCC_WARN_64_TO_32_BIT_CONVERSION = YES;
				GCC_WARN_ABOUT_RETURN_TYPE = YES_ERROR;
				GCC_WARN_UNDECLARED_SELECTOR = YES;
				GCC_WARN_UNINITIALIZED_AUTOS = YES_AGGRESSIVE;
				GCC_WARN_UNUSED_FUNCTION = YES;
				GCC_WARN_UNUSED_VARIABLE = YES;
				IPHONEOS_DEPLOYMENT_TARGET = 11.0;
				MTL_ENABLE_DEBUG_INFO = YES;
				ONLY_ACTIVE_ARCH = YES;
				SDKROOT = iphoneos;
				SWIFT_ACTIVE_COMPILATION_CONDITIONS = DEBUG;
				SWIFT_OPTIMIZATION_LEVEL = "-Onone";
			};
			name = Debug;
		};
		56355A731FBA6A5A00D6E886 /* Release */ = {
			isa = XCBuildConfiguration;
			buildSettings = {
				ALWAYS_SEARCH_USER_PATHS = NO;
				CLANG_ANALYZER_NONNULL = YES;
				CLANG_ANALYZER_NUMBER_OBJECT_CONVERSION = YES_AGGRESSIVE;
				CLANG_CXX_LANGUAGE_STANDARD = "gnu++14";
				CLANG_CXX_LIBRARY = "libc++";
				CLANG_ENABLE_MODULES = YES;
				CLANG_ENABLE_OBJC_ARC = YES;
				CLANG_WARN_BLOCK_CAPTURE_AUTORELEASING = YES;
				CLANG_WARN_BOOL_CONVERSION = YES;
				CLANG_WARN_COMMA = YES;
				CLANG_WARN_CONSTANT_CONVERSION = YES;
				CLANG_WARN_DIRECT_OBJC_ISA_USAGE = YES_ERROR;
				CLANG_WARN_DOCUMENTATION_COMMENTS = YES;
				CLANG_WARN_EMPTY_BODY = YES;
				CLANG_WARN_ENUM_CONVERSION = YES;
				CLANG_WARN_INFINITE_RECURSION = YES;
				CLANG_WARN_INT_CONVERSION = YES;
				CLANG_WARN_NON_LITERAL_NULL_CONVERSION = YES;
				CLANG_WARN_OBJC_LITERAL_CONVERSION = YES;
				CLANG_WARN_OBJC_ROOT_CLASS = YES_ERROR;
				CLANG_WARN_RANGE_LOOP_ANALYSIS = YES;
				CLANG_WARN_STRICT_PROTOTYPES = YES;
				CLANG_WARN_SUSPICIOUS_MOVE = YES;
				CLANG_WARN_UNGUARDED_AVAILABILITY = YES_AGGRESSIVE;
				CLANG_WARN_UNREACHABLE_CODE = YES;
				CLANG_WARN__DUPLICATE_METHOD_MATCH = YES;
				CODE_SIGN_IDENTITY = "iPhone Developer";
				COPY_PHASE_STRIP = NO;
				DEBUG_INFORMATION_FORMAT = "dwarf-with-dsym";
				ENABLE_NS_ASSERTIONS = NO;
				ENABLE_STRICT_OBJC_MSGSEND = YES;
				GCC_C_LANGUAGE_STANDARD = gnu11;
				GCC_NO_COMMON_BLOCKS = YES;
				GCC_WARN_64_TO_32_BIT_CONVERSION = YES;
				GCC_WARN_ABOUT_RETURN_TYPE = YES_ERROR;
				GCC_WARN_UNDECLARED_SELECTOR = YES;
				GCC_WARN_UNINITIALIZED_AUTOS = YES_AGGRESSIVE;
				GCC_WARN_UNUSED_FUNCTION = YES;
				GCC_WARN_UNUSED_VARIABLE = YES;
				IPHONEOS_DEPLOYMENT_TARGET = 11.0;
				MTL_ENABLE_DEBUG_INFO = NO;
				SDKROOT = iphoneos;
				SWIFT_OPTIMIZATION_LEVEL = "-Owholemodule";
				VALIDATE_PRODUCT = YES;
			};
			name = Release;
		};
		56355A751FBA6A5A00D6E886 /* Debug */ = {
			isa = XCBuildConfiguration;
			buildSettings = {
				ASSETCATALOG_COMPILER_APPICON_NAME = AppIcon;
				CODE_SIGN_STYLE = Automatic;
				INFOPLIST_FILE = SplitDelegateDataSource/Info.plist;
				LD_RUNPATH_SEARCH_PATHS = "$(inherited) @executable_path/Frameworks";
				PRODUCT_BUNDLE_IDENTIFIER = vanhoangluyen.SplitDelegateDataSource;
				PRODUCT_NAME = "$(TARGET_NAME)";
				SWIFT_VERSION = 4.0;
				TARGETED_DEVICE_FAMILY = "1,2";
			};
			name = Debug;
		};
		56355A761FBA6A5A00D6E886 /* Release */ = {
			isa = XCBuildConfiguration;
			buildSettings = {
				ASSETCATALOG_COMPILER_APPICON_NAME = AppIcon;
				CODE_SIGN_STYLE = Automatic;
				INFOPLIST_FILE = SplitDelegateDataSource/Info.plist;
				LD_RUNPATH_SEARCH_PATHS = "$(inherited) @executable_path/Frameworks";
				PRODUCT_BUNDLE_IDENTIFIER = vanhoangluyen.SplitDelegateDataSource;
				PRODUCT_NAME = "$(TARGET_NAME)";
				SWIFT_VERSION = 4.0;
				TARGETED_DEVICE_FAMILY = "1,2";
			};
			name = Release;
		};
/* End XCBuildConfiguration section */

/* Begin XCConfigurationList section */
		56355A5D1FBA6A5A00D6E886 /* Build configuration list for PBXProject "SplitDelegateDataSource" */ = {
			isa = XCConfigurationList;
			buildConfigurations = (
				56355A721FBA6A5A00D6E886 /* Debug */,
				56355A731FBA6A5A00D6E886 /* Release */,
			);
			defaultConfigurationIsVisible = 0;
			defaultConfigurationName = Release;
		};
		56355A741FBA6A5A00D6E886 /* Build configuration list for PBXNativeTarget "SplitDelegateDataSource" */ = {
			isa = XCConfigurationList;
			buildConfigurations = (
				56355A751FBA6A5A00D6E886 /* Debug */,
				56355A761FBA6A5A00D6E886 /* Release */,
			);
			defaultConfigurationIsVisible = 0;
			defaultConfigurationName = Release;
		};
/* End XCConfigurationList section */
	};
	rootObject = 56355A5A1FBA6A5A00D6E886 /* Project object */;
}
